
Microsoft Visual Studio Solution File, Format Version 12.00
# Visual Studio 2013
VisualStudioVersion = 12.0.21005.1
MinimumVisualStudioVersion = 10.0.40219.1
Project("{FAE04EC0-301F-11D3-BF4B-00C04F79EFBC}") = "DependencyInjection", "DependencyInjection\DependencyInjection.csproj", "{EE6A613E-923B-48B5-B223-21518687036A}"
EndProject
Project("{FAE04EC0-301F-11D3-BF4B-00C04F79EFBC}") = "00100AbstractFactory", "001AbstractFactory\00100AbstractFactory.csproj", "{FB1B438F-3EB8-4B62-8EA4-2362D1F1C428}"
EndProject
Project("{FAE04EC0-301F-11D3-BF4B-00C04F79EFBC}") = "00101BatchFactory", "00101BatchFactory\00101BatchFactory.csproj", "{892105DF-AD4E-45E1-8DD8-D0ECEBC63127}"
EndProject
Project("{FAE04EC0-301F-11D3-BF4B-00C04F79EFBC}") = "00102GenericFactoryParam", "00102GenericFactoryParam\00102GenericFactoryParam.csproj", "{8AB969A5-BBC3-4F5C-BD9F-66D508DEE796}"
EndProject
Project("{FAE04EC0-301F-11D3-BF4B-00C04F79EFBC}") = "00103FactoryPatternDelegate", "0103FactoryPatternDelegate\00103FactoryPatternDelegate.csproj", "{3CB7E526-9810-41F9-A818-473735BA1A33}"
EndProject
Project("{FAE04EC0-301F-11D3-BF4B-00C04F79EFBC}") = "00200SingletonClassic", "00200SingletonClassic\00200SingletonClassic.csproj", "{923FB04D-6D85-46EB-AD9D-CCC713A70AB1}"
EndProject
Project("{FAE04EC0-301F-11D3-BF4B-00C04F79EFBC}") = "00201SingletonN", "002001SingletonN\00201SingletonN.csproj", "{F36051BD-B3F3-41DB-ABE9-DA8650FB8ECC}"
EndProject
Project("{FAE04EC0-301F-11D3-BF4B-00C04F79EFBC}") = "00202SingletonGeneric", "002002SingletonGeneric\00202SingletonGeneric.csproj", "{0E37D3B3-A62E-48FC-B359-576C54F1E50A}"
EndProject
Project("{FAE04EC0-301F-11D3-BF4B-00C04F79EFBC}") = "00300AbstractFactoryPattern", "00300AbstractFactoryPattern\00300AbstractFactoryPattern.csproj", "{1E0FD60F-B2CF-4802-A658-110DF72EF26D}"
EndProject
Project("{FAE04EC0-301F-11D3-BF4B-00C04F79EFBC}") = "00301AbstractFactoryAssemblerMechanism", "003001AbstractFactoryAssemblerMechanism\00301AbstractFactoryAssemblerMechanism.csproj", "{42FF5701-C72B-4A25-97FE-768F9C35D812}"
EndProject
Project("{FAE04EC0-301F-11D3-BF4B-00C04F79EFBC}") = "00400BuilderPattern", "00400BuilderPattern\00400BuilderPattern.csproj", "{7FB4A031-8A1D-4FB5-81F0-151E2EA8449E}"
EndProject
Project("{FAE04EC0-301F-11D3-BF4B-00C04F79EFBC}") = "00401BuiderPatternAsynchronousCallBuildUp", "00401BuiderPatternAsynchronousCallBuildUp\00401BuiderPatternAsynchronousCallBuildUp.csproj", "{D689511E-C8C8-4D0A-8481-891C1BE8B90E}"
EndProject
Project("{2150E333-8FDC-42A3-9474-1A3956D46DE8}") = "PracticalPattern", "PracticalPattern", "{A4AC840D-C96A-42CF-B82C-34DB1D5201EE}"
EndProject
Project("{FAE04EC0-301F-11D3-BF4B-00C04F79EFBC}") = "CommonTools", "Common\CommonTools.csproj", "{F050FFDC-36E0-4734-AF15-CBCAF99F6489}"
EndProject
Project("{FAE04EC0-301F-11D3-BF4B-00C04F79EFBC}") = "AppConfigTest", "AppConfigTest\AppConfigTest.csproj", "{3AB120E5-BDC1-481D-B5FE-655D64F55845}"
EndProject
Project("{FAE04EC0-301F-11D3-BF4B-00C04F79EFBC}") = "00402BuilderAbilityLoadingAndUnloading", "00402BuilderAbilityLoadingAndUnloading\00402BuilderAbilityLoadingAndUnloading.csproj", "{2716D556-6566-4713-9D3C-BC97AA981060}"
EndProject
Project("{FAE04EC0-301F-11D3-BF4B-00C04F79EFBC}") = "00403BuilderPipelineWithIterator", "00403BuilderPipelineWithIterator\00403BuilderPipelineWithIterator.csproj", "{B6A972AB-6F20-4616-B1B2-3CFB33CCCA0C}"
EndProject
Project("{FAE04EC0-301F-11D3-BF4B-00C04F79EFBC}") = "00500PrototypePattern", "00500PrototypePattern\00500PrototypePattern.csproj", "{68F276C0-D550-4960-87ED-E9DCF90E2689}"
EndProject
Project("{FAE04EC0-301F-11D3-BF4B-00C04F79EFBC}") = "00501PrototypeXMLBinarySerializeGenericCollection", "00501PrototypeXMLBinarySerializeGenericCollection\00501PrototypeXMLBinarySerializeGenericCollection.csproj", "{B86E03A0-448E-457A-8D60-8DB65E997FA9}"
EndProject
Project("{FAE04EC0-301F-11D3-BF4B-00C04F79EFBC}") = "10100AdapterPattern", "10100AdapterPattern\10100AdapterPattern.csproj", "{5AA1E3D6-CC4E-4478-8BC6-3BFA9EEDC2F3}"
EndProject
Project("{FAE04EC0-301F-11D3-BF4B-00C04F79EFBC}") = "10101AdapterPatternAdapterToAdapter", "10101AdapterPatternAdapterToAdapter\10101AdapterPatternAdapterToAdapter.csproj", "{3F93559A-22DC-46AF-A9C3-F81CA90547DC}"
EndProject
Project("{FAE04EC0-301F-11D3-BF4B-00C04F79EFBC}") = "10102AdapterPatternXMLprofession", "10102AdapterPatternXMLprofession\10102AdapterPatternXMLprofession.csproj", "{DD2F71C2-BBA8-432C-BB58-3567F09A64F3}"
EndProject
Project("{FAE04EC0-301F-11D3-BF4B-00C04F79EFBC}") = "10200BrigdePattern", "10200BrigdePattern\10200BrigdePattern.csproj", "{C3EFB87E-FCC6-4E57-80C8-BDF929CEFE31}"
EndProject
Project("{FAE04EC0-301F-11D3-BF4B-00C04F79EFBC}") = "10300CompositePattern", "10300CompositePattern\10300CompositePattern.csproj", "{E2C27E6A-475A-4716-8E3A-D3069A57226C}"
EndProject
Project("{FAE04EC0-301F-11D3-BF4B-00C04F79EFBC}") = "10400DecoratorPattern", "10400DecoratorPattern\10400DecoratorPattern.csproj", "{21C4BA85-4B89-478B-91A0-C795E8EE1C0D}"
EndProject
Project("{FAE04EC0-301F-11D3-BF4B-00C04F79EFBC}") = "10500FacadePattern", "100500FacadePattern\10500FacadePattern.csproj", "{B8EE4E56-001E-4B3B-8755-9FEAA31B1798}"
EndProject
Project("{FAE04EC0-301F-11D3-BF4B-00C04F79EFBC}") = "10600FlyweightPattern", "10600FlyweightPattern\10600FlyweightPattern.csproj", "{8A832067-4F1C-49B4-921C-1A3E81B8E5AF}"
EndProject
Project("{FAE04EC0-301F-11D3-BF4B-00C04F79EFBC}") = "10601FlyweightPatternObjectPool", "10601FlyweightPatternObjectPool\10601FlyweightPatternObjectPool.csproj", "{16C1EAAF-63C9-40EE-8E1C-62634A71E674}"
EndProject
Project("{FAE04EC0-301F-11D3-BF4B-00C04F79EFBC}") = "10700ProxyPatten", "10700ProxyPatten\10700ProxyPatten.csproj", "{C4205103-195B-49A1-BFE0-A5619BFA9571}"
EndProject
Project("{FAE04EC0-301F-11D3-BF4B-00C04F79EFBC}") = "20100ChainOfResponsibility", "20100ChainOfResponsibility\20100ChainOfResponsibility.csproj", "{3D4A20B4-B835-4318-91D9-50BA0A930BA7}"
EndProject
Project("{FAE04EC0-301F-11D3-BF4B-00C04F79EFBC}") = "20101ChainOfResponsibiltyInterruptPointControlChain", "30101ChainOfResponsibiltyInterruptPointControlChain\20101ChainOfResponsibiltyInterruptPointControlChain.csproj", "{28E5BC0B-0D9D-4110-88AF-38B5E8DCCDEA}"
EndProject
Project("{FAE04EC0-301F-11D3-BF4B-00C04F79EFBC}") = "20102ChainOfResponsibilityConfigurationRestricted", "20102ChainOfResponsibilityConfigurationRestricted\20102ChainOfResponsibilityConfigurationRestricted.csproj", "{E54BE8E8-337D-40AA-91A3-33EE0B22F505}"
EndProject
Project("{FAE04EC0-301F-11D3-BF4B-00C04F79EFBC}") = "20300InterpreterPatternComplier", "20300InterpreterPatternComplier\20300InterpreterPatternComplier.csproj", "{0AAC2704-2814-4209-AF60-CD50E33B9025}"
EndProject
Project("{FAE04EC0-301F-11D3-BF4B-00C04F79EFBC}") = "20200TemplateMethodPattern", "20200TemplateMethodPattern\20200TemplateMethodPattern.csproj", "{83F2E997-DCB3-4906-A2FF-3A36721E8579}"
EndProject
Project("{FAE04EC0-301F-11D3-BF4B-00C04F79EFBC}") = "20400CommandPattern", "20400CommandPattern\20400CommandPattern.csproj", "{1DF9134A-966D-45F9-BF19-23F1428F3982}"
EndProject
Project("{FAE04EC0-301F-11D3-BF4B-00C04F79EFBC}") = "20401CommandPatternAsync", "20401CommandPatternAsync\20401CommandPatternAsync.csproj", "{0A0A38E3-6FC5-4746-81AA-C3D2E9C0A34C}"
EndProject
Project("{FAE04EC0-301F-11D3-BF4B-00C04F79EFBC}") = "20500IteratorPattern", "20500IteratorPattern\20500IteratorPattern.csproj", "{C2E901C7-2DBF-4E0D-BBBB-4B734DCE4995}"
EndProject
Project("{FAE04EC0-301F-11D3-BF4B-00C04F79EFBC}") = "20600MediatorPattern", "20600MediatorPattern\20600MediatorPattern.csproj", "{7B27FA3B-3C08-4EAC-BF6F-1F3647E9EFF6}"
EndProject
Project("{FAE04EC0-301F-11D3-BF4B-00C04F79EFBC}") = "20601MediatorPatternDelegateEventBasedLightCoupling", "200601MediatorPatternDelegateEventBasedLightCoupling\20601MediatorPatternDelegateEventBasedLightCoupling.csproj", "{B2323604-0CE6-474C-BFCF-29D560292CE8}"
EndProject
Project("{FAE04EC0-301F-11D3-BF4B-00C04F79EFBC}") = "20700MementoPattern", "20700MementoPattern\20700MementoPattern.csproj", "{348921E7-60E9-454D-A94D-994CAA3054CA}"
EndProject
Project("{FAE04EC0-301F-11D3-BF4B-00C04F79EFBC}") = "20701MementoPatternSerializationAndPersistence", "200701MementoPatternSerializationAndPersistence\20701MementoPatternSerializationAndPersistence.csproj", "{C199F255-3DDA-42E1-B3E7-F266696385A4}"
EndProject
Project("{FAE04EC0-301F-11D3-BF4B-00C04F79EFBC}") = "20800ObserverPattern", "20800ObserverPattern\20800ObserverPattern.csproj", "{F4ED910B-8FEF-4850-A7ED-B24936B06785}"
EndProject
Global
	GlobalSection(SolutionConfigurationPlatforms) = preSolution
		Debug|Any CPU = Debug|Any CPU
		Release|Any CPU = Release|Any CPU
	EndGlobalSection
	GlobalSection(ProjectConfigurationPlatforms) = postSolution
		{EE6A613E-923B-48B5-B223-21518687036A}.Debug|Any CPU.ActiveCfg = Debug|Any CPU
		{EE6A613E-923B-48B5-B223-21518687036A}.Debug|Any CPU.Build.0 = Debug|Any CPU
		{EE6A613E-923B-48B5-B223-21518687036A}.Release|Any CPU.ActiveCfg = Release|Any CPU
		{EE6A613E-923B-48B5-B223-21518687036A}.Release|Any CPU.Build.0 = Release|Any CPU
		{FB1B438F-3EB8-4B62-8EA4-2362D1F1C428}.Debug|Any CPU.ActiveCfg = Debug|Any CPU
		{FB1B438F-3EB8-4B62-8EA4-2362D1F1C428}.Debug|Any CPU.Build.0 = Debug|Any CPU
		{FB1B438F-3EB8-4B62-8EA4-2362D1F1C428}.Release|Any CPU.ActiveCfg = Release|Any CPU
		{FB1B438F-3EB8-4B62-8EA4-2362D1F1C428}.Release|Any CPU.Build.0 = Release|Any CPU
		{892105DF-AD4E-45E1-8DD8-D0ECEBC63127}.Debug|Any CPU.ActiveCfg = Debug|Any CPU
		{892105DF-AD4E-45E1-8DD8-D0ECEBC63127}.Debug|Any CPU.Build.0 = Debug|Any CPU
		{892105DF-AD4E-45E1-8DD8-D0ECEBC63127}.Release|Any CPU.ActiveCfg = Release|Any CPU
		{892105DF-AD4E-45E1-8DD8-D0ECEBC63127}.Release|Any CPU.Build.0 = Release|Any CPU
		{8AB969A5-BBC3-4F5C-BD9F-66D508DEE796}.Debug|Any CPU.ActiveCfg = Debug|Any CPU
		{8AB969A5-BBC3-4F5C-BD9F-66D508DEE796}.Debug|Any CPU.Build.0 = Debug|Any CPU
		{8AB969A5-BBC3-4F5C-BD9F-66D508DEE796}.Release|Any CPU.ActiveCfg = Release|Any CPU
		{8AB969A5-BBC3-4F5C-BD9F-66D508DEE796}.Release|Any CPU.Build.0 = Release|Any CPU
		{3CB7E526-9810-41F9-A818-473735BA1A33}.Debug|Any CPU.ActiveCfg = Debug|Any CPU
		{3CB7E526-9810-41F9-A818-473735BA1A33}.Debug|Any CPU.Build.0 = Debug|Any CPU
		{3CB7E526-9810-41F9-A818-473735BA1A33}.Release|Any CPU.ActiveCfg = Release|Any CPU
		{3CB7E526-9810-41F9-A818-473735BA1A33}.Release|Any CPU.Build.0 = Release|Any CPU
		{923FB04D-6D85-46EB-AD9D-CCC713A70AB1}.Debug|Any CPU.ActiveCfg = Debug|Any CPU
		{923FB04D-6D85-46EB-AD9D-CCC713A70AB1}.Debug|Any CPU.Build.0 = Debug|Any CPU
		{923FB04D-6D85-46EB-AD9D-CCC713A70AB1}.Release|Any CPU.ActiveCfg = Release|Any CPU
		{923FB04D-6D85-46EB-AD9D-CCC713A70AB1}.Release|Any CPU.Build.0 = Release|Any CPU
		{F36051BD-B3F3-41DB-ABE9-DA8650FB8ECC}.Debug|Any CPU.ActiveCfg = Debug|Any CPU
		{F36051BD-B3F3-41DB-ABE9-DA8650FB8ECC}.Debug|Any CPU.Build.0 = Debug|Any CPU
		{F36051BD-B3F3-41DB-ABE9-DA8650FB8ECC}.Release|Any CPU.ActiveCfg = Release|Any CPU
		{F36051BD-B3F3-41DB-ABE9-DA8650FB8ECC}.Release|Any CPU.Build.0 = Release|Any CPU
		{0E37D3B3-A62E-48FC-B359-576C54F1E50A}.Debug|Any CPU.ActiveCfg = Debug|Any CPU
		{0E37D3B3-A62E-48FC-B359-576C54F1E50A}.Debug|Any CPU.Build.0 = Debug|Any CPU
		{0E37D3B3-A62E-48FC-B359-576C54F1E50A}.Release|Any CPU.ActiveCfg = Release|Any CPU
		{0E37D3B3-A62E-48FC-B359-576C54F1E50A}.Release|Any CPU.Build.0 = Release|Any CPU
		{1E0FD60F-B2CF-4802-A658-110DF72EF26D}.Debug|Any CPU.ActiveCfg = Debug|Any CPU
		{1E0FD60F-B2CF-4802-A658-110DF72EF26D}.Debug|Any CPU.Build.0 = Debug|Any CPU
		{1E0FD60F-B2CF-4802-A658-110DF72EF26D}.Release|Any CPU.ActiveCfg = Release|Any CPU
		{1E0FD60F-B2CF-4802-A658-110DF72EF26D}.Release|Any CPU.Build.0 = Release|Any CPU
		{42FF5701-C72B-4A25-97FE-768F9C35D812}.Debug|Any CPU.ActiveCfg = Debug|Any CPU
		{42FF5701-C72B-4A25-97FE-768F9C35D812}.Debug|Any CPU.Build.0 = Debug|Any CPU
		{42FF5701-C72B-4A25-97FE-768F9C35D812}.Release|Any CPU.ActiveCfg = Release|Any CPU
		{42FF5701-C72B-4A25-97FE-768F9C35D812}.Release|Any CPU.Build.0 = Release|Any CPU
		{7FB4A031-8A1D-4FB5-81F0-151E2EA8449E}.Debug|Any CPU.ActiveCfg = Debug|Any CPU
		{7FB4A031-8A1D-4FB5-81F0-151E2EA8449E}.Debug|Any CPU.Build.0 = Debug|Any CPU
		{7FB4A031-8A1D-4FB5-81F0-151E2EA8449E}.Release|Any CPU.ActiveCfg = Release|Any CPU
		{7FB4A031-8A1D-4FB5-81F0-151E2EA8449E}.Release|Any CPU.Build.0 = Release|Any CPU
		{D689511E-C8C8-4D0A-8481-891C1BE8B90E}.Debug|Any CPU.ActiveCfg = Debug|Any CPU
		{D689511E-C8C8-4D0A-8481-891C1BE8B90E}.Debug|Any CPU.Build.0 = Debug|Any CPU
		{D689511E-C8C8-4D0A-8481-891C1BE8B90E}.Release|Any CPU.ActiveCfg = Release|Any CPU
		{D689511E-C8C8-4D0A-8481-891C1BE8B90E}.Release|Any CPU.Build.0 = Release|Any CPU
		{F050FFDC-36E0-4734-AF15-CBCAF99F6489}.Debug|Any CPU.ActiveCfg = Debug|Any CPU
		{F050FFDC-36E0-4734-AF15-CBCAF99F6489}.Debug|Any CPU.Build.0 = Debug|Any CPU
		{F050FFDC-36E0-4734-AF15-CBCAF99F6489}.Release|Any CPU.ActiveCfg = Release|Any CPU
		{F050FFDC-36E0-4734-AF15-CBCAF99F6489}.Release|Any CPU.Build.0 = Release|Any CPU
		{3AB120E5-BDC1-481D-B5FE-655D64F55845}.Debug|Any CPU.ActiveCfg = Debug|Any CPU
		{3AB120E5-BDC1-481D-B5FE-655D64F55845}.Debug|Any CPU.Build.0 = Debug|Any CPU
		{3AB120E5-BDC1-481D-B5FE-655D64F55845}.Release|Any CPU.ActiveCfg = Release|Any CPU
		{3AB120E5-BDC1-481D-B5FE-655D64F55845}.Release|Any CPU.Build.0 = Release|Any CPU
		{2716D556-6566-4713-9D3C-BC97AA981060}.Debug|Any CPU.ActiveCfg = Debug|Any CPU
		{2716D556-6566-4713-9D3C-BC97AA981060}.Debug|Any CPU.Build.0 = Debug|Any CPU
		{2716D556-6566-4713-9D3C-BC97AA981060}.Release|Any CPU.ActiveCfg = Release|Any CPU
		{2716D556-6566-4713-9D3C-BC97AA981060}.Release|Any CPU.Build.0 = Release|Any CPU
		{B6A972AB-6F20-4616-B1B2-3CFB33CCCA0C}.Debug|Any CPU.ActiveCfg = Debug|Any CPU
		{B6A972AB-6F20-4616-B1B2-3CFB33CCCA0C}.Debug|Any CPU.Build.0 = Debug|Any CPU
		{B6A972AB-6F20-4616-B1B2-3CFB33CCCA0C}.Release|Any CPU.ActiveCfg = Release|Any CPU
		{B6A972AB-6F20-4616-B1B2-3CFB33CCCA0C}.Release|Any CPU.Build.0 = Release|Any CPU
		{68F276C0-D550-4960-87ED-E9DCF90E2689}.Debug|Any CPU.ActiveCfg = Debug|Any CPU
		{68F276C0-D550-4960-87ED-E9DCF90E2689}.Debug|Any CPU.Build.0 = Debug|Any CPU
		{68F276C0-D550-4960-87ED-E9DCF90E2689}.Release|Any CPU.ActiveCfg = Release|Any CPU
		{68F276C0-D550-4960-87ED-E9DCF90E2689}.Release|Any CPU.Build.0 = Release|Any CPU
		{B86E03A0-448E-457A-8D60-8DB65E997FA9}.Debug|Any CPU.ActiveCfg = Debug|Any CPU
		{B86E03A0-448E-457A-8D60-8DB65E997FA9}.Debug|Any CPU.Build.0 = Debug|Any CPU
		{B86E03A0-448E-457A-8D60-8DB65E997FA9}.Release|Any CPU.ActiveCfg = Release|Any CPU
		{B86E03A0-448E-457A-8D60-8DB65E997FA9}.Release|Any CPU.Build.0 = Release|Any CPU
		{5AA1E3D6-CC4E-4478-8BC6-3BFA9EEDC2F3}.Debug|Any CPU.ActiveCfg = Debug|Any CPU
		{5AA1E3D6-CC4E-4478-8BC6-3BFA9EEDC2F3}.Debug|Any CPU.Build.0 = Debug|Any CPU
		{5AA1E3D6-CC4E-4478-8BC6-3BFA9EEDC2F3}.Release|Any CPU.ActiveCfg = Release|Any CPU
		{5AA1E3D6-CC4E-4478-8BC6-3BFA9EEDC2F3}.Release|Any CPU.Build.0 = Release|Any CPU
		{3F93559A-22DC-46AF-A9C3-F81CA90547DC}.Debug|Any CPU.ActiveCfg = Debug|Any CPU
		{3F93559A-22DC-46AF-A9C3-F81CA90547DC}.Debug|Any CPU.Build.0 = Debug|Any CPU
		{3F93559A-22DC-46AF-A9C3-F81CA90547DC}.Release|Any CPU.ActiveCfg = Release|Any CPU
		{3F93559A-22DC-46AF-A9C3-F81CA90547DC}.Release|Any CPU.Build.0 = Release|Any CPU
		{DD2F71C2-BBA8-432C-BB58-3567F09A64F3}.Debug|Any CPU.ActiveCfg = Debug|Any CPU
		{DD2F71C2-BBA8-432C-BB58-3567F09A64F3}.Debug|Any CPU.Build.0 = Debug|Any CPU
		{DD2F71C2-BBA8-432C-BB58-3567F09A64F3}.Release|Any CPU.ActiveCfg = Release|Any CPU
		{DD2F71C2-BBA8-432C-BB58-3567F09A64F3}.Release|Any CPU.Build.0 = Release|Any CPU
		{C3EFB87E-FCC6-4E57-80C8-BDF929CEFE31}.Debug|Any CPU.ActiveCfg = Debug|Any CPU
		{C3EFB87E-FCC6-4E57-80C8-BDF929CEFE31}.Debug|Any CPU.Build.0 = Debug|Any CPU
		{C3EFB87E-FCC6-4E57-80C8-BDF929CEFE31}.Release|Any CPU.ActiveCfg = Release|Any CPU
		{C3EFB87E-FCC6-4E57-80C8-BDF929CEFE31}.Release|Any CPU.Build.0 = Release|Any CPU
		{E2C27E6A-475A-4716-8E3A-D3069A57226C}.Debug|Any CPU.ActiveCfg = Debug|Any CPU
		{E2C27E6A-475A-4716-8E3A-D3069A57226C}.Debug|Any CPU.Build.0 = Debug|Any CPU
		{E2C27E6A-475A-4716-8E3A-D3069A57226C}.Release|Any CPU.ActiveCfg = Release|Any CPU
		{E2C27E6A-475A-4716-8E3A-D3069A57226C}.Release|Any CPU.Build.0 = Release|Any CPU
		{21C4BA85-4B89-478B-91A0-C795E8EE1C0D}.Debug|Any CPU.ActiveCfg = Debug|Any CPU
		{21C4BA85-4B89-478B-91A0-C795E8EE1C0D}.Debug|Any CPU.Build.0 = Debug|Any CPU
		{21C4BA85-4B89-478B-91A0-C795E8EE1C0D}.Release|Any CPU.ActiveCfg = Release|Any CPU
		{21C4BA85-4B89-478B-91A0-C795E8EE1C0D}.Release|Any CPU.Build.0 = Release|Any CPU
		{B8EE4E56-001E-4B3B-8755-9FEAA31B1798}.Debug|Any CPU.ActiveCfg = Debug|Any CPU
		{B8EE4E56-001E-4B3B-8755-9FEAA31B1798}.Debug|Any CPU.Build.0 = Debug|Any CPU
		{B8EE4E56-001E-4B3B-8755-9FEAA31B1798}.Release|Any CPU.ActiveCfg = Release|Any CPU
		{B8EE4E56-001E-4B3B-8755-9FEAA31B1798}.Release|Any CPU.Build.0 = Release|Any CPU
		{8A832067-4F1C-49B4-921C-1A3E81B8E5AF}.Debug|Any CPU.ActiveCfg = Debug|Any CPU
		{8A832067-4F1C-49B4-921C-1A3E81B8E5AF}.Debug|Any CPU.Build.0 = Debug|Any CPU
		{8A832067-4F1C-49B4-921C-1A3E81B8E5AF}.Release|Any CPU.ActiveCfg = Release|Any CPU
		{8A832067-4F1C-49B4-921C-1A3E81B8E5AF}.Release|Any CPU.Build.0 = Release|Any CPU
		{16C1EAAF-63C9-40EE-8E1C-62634A71E674}.Debug|Any CPU.ActiveCfg = Debug|Any CPU
		{16C1EAAF-63C9-40EE-8E1C-62634A71E674}.Debug|Any CPU.Build.0 = Debug|Any CPU
		{16C1EAAF-63C9-40EE-8E1C-62634A71E674}.Release|Any CPU.ActiveCfg = Release|Any CPU
		{16C1EAAF-63C9-40EE-8E1C-62634A71E674}.Release|Any CPU.Build.0 = Release|Any CPU
		{C4205103-195B-49A1-BFE0-A5619BFA9571}.Debug|Any CPU.ActiveCfg = Debug|Any CPU
		{C4205103-195B-49A1-BFE0-A5619BFA9571}.Debug|Any CPU.Build.0 = Debug|Any CPU
		{C4205103-195B-49A1-BFE0-A5619BFA9571}.Release|Any CPU.ActiveCfg = Release|Any CPU
		{C4205103-195B-49A1-BFE0-A5619BFA9571}.Release|Any CPU.Build.0 = Release|Any CPU
		{3D4A20B4-B835-4318-91D9-50BA0A930BA7}.Debug|Any CPU.ActiveCfg = Debug|Any CPU
		{3D4A20B4-B835-4318-91D9-50BA0A930BA7}.Debug|Any CPU.Build.0 = Debug|Any CPU
		{3D4A20B4-B835-4318-91D9-50BA0A930BA7}.Release|Any CPU.ActiveCfg = Release|Any CPU
		{3D4A20B4-B835-4318-91D9-50BA0A930BA7}.Release|Any CPU.Build.0 = Release|Any CPU
		{28E5BC0B-0D9D-4110-88AF-38B5E8DCCDEA}.Debug|Any CPU.ActiveCfg = Debug|Any CPU
		{28E5BC0B-0D9D-4110-88AF-38B5E8DCCDEA}.Debug|Any CPU.Build.0 = Debug|Any CPU
		{28E5BC0B-0D9D-4110-88AF-38B5E8DCCDEA}.Release|Any CPU.ActiveCfg = Release|Any CPU
		{28E5BC0B-0D9D-4110-88AF-38B5E8DCCDEA}.Release|Any CPU.Build.0 = Release|Any CPU
		{E54BE8E8-337D-40AA-91A3-33EE0B22F505}.Debug|Any CPU.ActiveCfg = Debug|Any CPU
		{E54BE8E8-337D-40AA-91A3-33EE0B22F505}.Debug|Any CPU.Build.0 = Debug|Any CPU
		{E54BE8E8-337D-40AA-91A3-33EE0B22F505}.Release|Any CPU.ActiveCfg = Release|Any CPU
		{E54BE8E8-337D-40AA-91A3-33EE0B22F505}.Release|Any CPU.Build.0 = Release|Any CPU
		{0AAC2704-2814-4209-AF60-CD50E33B9025}.Debug|Any CPU.ActiveCfg = Debug|Any CPU
		{0AAC2704-2814-4209-AF60-CD50E33B9025}.Debug|Any CPU.Build.0 = Debug|Any CPU
		{0AAC2704-2814-4209-AF60-CD50E33B9025}.Release|Any CPU.ActiveCfg = Release|Any CPU
		{0AAC2704-2814-4209-AF60-CD50E33B9025}.Release|Any CPU.Build.0 = Release|Any CPU
		{83F2E997-DCB3-4906-A2FF-3A36721E8579}.Debug|Any CPU.ActiveCfg = Debug|Any CPU
		{83F2E997-DCB3-4906-A2FF-3A36721E8579}.Debug|Any CPU.Build.0 = Debug|Any CPU
		{83F2E997-DCB3-4906-A2FF-3A36721E8579}.Release|Any CPU.ActiveCfg = Release|Any CPU
		{83F2E997-DCB3-4906-A2FF-3A36721E8579}.Release|Any CPU.Build.0 = Release|Any CPU
		{1DF9134A-966D-45F9-BF19-23F1428F3982}.Debug|Any CPU.ActiveCfg = Debug|Any CPU
		{1DF9134A-966D-45F9-BF19-23F1428F3982}.Debug|Any CPU.Build.0 = Debug|Any CPU
		{1DF9134A-966D-45F9-BF19-23F1428F3982}.Release|Any CPU.ActiveCfg = Release|Any CPU
		{1DF9134A-966D-45F9-BF19-23F1428F3982}.Release|Any CPU.Build.0 = Release|Any CPU
		{0A0A38E3-6FC5-4746-81AA-C3D2E9C0A34C}.Debug|Any CPU.ActiveCfg = Debug|Any CPU
		{0A0A38E3-6FC5-4746-81AA-C3D2E9C0A34C}.Debug|Any CPU.Build.0 = Debug|Any CPU
		{0A0A38E3-6FC5-4746-81AA-C3D2E9C0A34C}.Release|Any CPU.ActiveCfg = Release|Any CPU
		{0A0A38E3-6FC5-4746-81AA-C3D2E9C0A34C}.Release|Any CPU.Build.0 = Release|Any CPU
		{C2E901C7-2DBF-4E0D-BBBB-4B734DCE4995}.Debug|Any CPU.ActiveCfg = Debug|Any CPU
		{C2E901C7-2DBF-4E0D-BBBB-4B734DCE4995}.Debug|Any CPU.Build.0 = Debug|Any CPU
		{C2E901C7-2DBF-4E0D-BBBB-4B734DCE4995}.Release|Any CPU.ActiveCfg = Release|Any CPU
		{C2E901C7-2DBF-4E0D-BBBB-4B734DCE4995}.Release|Any CPU.Build.0 = Release|Any CPU
		{7B27FA3B-3C08-4EAC-BF6F-1F3647E9EFF6}.Debug|Any CPU.ActiveCfg = Debug|Any CPU
		{7B27FA3B-3C08-4EAC-BF6F-1F3647E9EFF6}.Debug|Any CPU.Build.0 = Debug|Any CPU
		{7B27FA3B-3C08-4EAC-BF6F-1F3647E9EFF6}.Release|Any CPU.ActiveCfg = Release|Any CPU
		{7B27FA3B-3C08-4EAC-BF6F-1F3647E9EFF6}.Release|Any CPU.Build.0 = Release|Any CPU
		{B2323604-0CE6-474C-BFCF-29D560292CE8}.Debug|Any CPU.ActiveCfg = Debug|Any CPU
		{B2323604-0CE6-474C-BFCF-29D560292CE8}.Debug|Any CPU.Build.0 = Debug|Any CPU
		{B2323604-0CE6-474C-BFCF-29D560292CE8}.Release|Any CPU.ActiveCfg = Release|Any CPU
		{B2323604-0CE6-474C-BFCF-29D560292CE8}.Release|Any CPU.Build.0 = Release|Any CPU
		{348921E7-60E9-454D-A94D-994CAA3054CA}.Debug|Any CPU.ActiveCfg = Debug|Any CPU
		{348921E7-60E9-454D-A94D-994CAA3054CA}.Debug|Any CPU.Build.0 = Debug|Any CPU
		{348921E7-60E9-454D-A94D-994CAA3054CA}.Release|Any CPU.ActiveCfg = Release|Any CPU
		{348921E7-60E9-454D-A94D-994CAA3054CA}.Release|Any CPU.Build.0 = Release|Any CPU
		{C199F255-3DDA-42E1-B3E7-F266696385A4}.Debug|Any CPU.ActiveCfg = Debug|Any CPU
		{C199F255-3DDA-42E1-B3E7-F266696385A4}.Debug|Any CPU.Build.0 = Debug|Any CPU
		{C199F255-3DDA-42E1-B3E7-F266696385A4}.Release|Any CPU.ActiveCfg = Release|Any CPU
		{C199F255-3DDA-42E1-B3E7-F266696385A4}.Release|Any CPU.Build.0 = Release|Any CPU
		{F4ED910B-8FEF-4850-A7ED-B24936B06785}.Debug|Any CPU.ActiveCfg = Debug|Any CPU
		{F4ED910B-8FEF-4850-A7ED-B24936B06785}.Debug|Any CPU.Build.0 = Debug|Any CPU
		{F4ED910B-8FEF-4850-A7ED-B24936B06785}.Release|Any CPU.ActiveCfg = Release|Any CPU
		{F4ED910B-8FEF-4850-A7ED-B24936B06785}.Release|Any CPU.Build.0 = Release|Any CPU
	EndGlobalSection
	GlobalSection(SolutionProperties) = preSolution
		HideSolutionNode = FALSE
	EndGlobalSection
	GlobalSection(NestedProjects) = preSolution
		{F050FFDC-36E0-4734-AF15-CBCAF99F6489} = {A4AC840D-C96A-42CF-B82C-34DB1D5201EE}
		{3AB120E5-BDC1-481D-B5FE-655D64F55845} = {A4AC840D-C96A-42CF-B82C-34DB1D5201EE}
	EndGlobalSection
EndGlobal
